
Microsoft Visual Studio Solution File, Format Version 12.00
# Visual Studio Version 16
VisualStudioVersion = 16.0.31205.134
MinimumVisualStudioVersion = 10.0.40219.1
Project("{FAE04EC0-301F-11D3-BF4B-00C04F79EFBC}") = "SekiroRandomizer.Patch", "SekiroRandomizer.Patch\SekiroRandomizer.Patch.csproj", "{7492E9A7-E656-4C41-B5D2-18033CCE479D}"
EndProject
Global
	GlobalSection(SolutionConfigurationPlatforms) = preSolution
		Debug|Any CPU = Debug|Any CPU
		Release|Any CPU = Release|Any CPU
	EndGlobalSection
	GlobalSection(ProjectConfigurationPlatforms) = postSolution
		{7492E9A7-E656-4C41-B5D2-18033CCE479D}.Debug|Any CPU.ActiveCfg = Debug|Any CPU
		{7492E9A7-E656-4C41-B5D2-18033CCE479D}.Debug|Any CPU.Build.0 = Debug|Any CPU
		{7492E9A7-E656-4C41-B5D2-18033CCE479D}.Release|Any CPU.ActiveCfg = Release|Any CPU
		{7492E9A7-E656-4C41-B5D2-18033CCE479D}.Release|Any CPU.Build.0 = Release|Any CPU
	EndGlobalSection
	GlobalSection(SolutionProperties) = preSolution
		HideSolutionNode = FALSE
	EndGlobalSection
	GlobalSection(ExtensibilityGlobals) = postSolution
		SolutionGuid = {00B72BCC-CD4E-46FE-9AA1-CC5A9BD052F0}
	EndGlobalSection
EndGlobal
